// !$*UTF8*$!
{
	archiveVersion = 1;
	classes = {
	};
	objectVersion = 50;
	objects = {

/* Begin PBXBuildFile section */
		F80F890D2747F78F009520F3 /* AppDelegate.swift in Sources */ = {isa = PBXBuildFile; fileRef = F80F890C2747F78F009520F3 /* AppDelegate.swift */; };
		F80F89162747F791009520F3 /* Assets.xcassets in Resources */ = {isa = PBXBuildFile; fileRef = F80F89152747F791009520F3 /* Assets.xcassets */; };
		F80F89192747F791009520F3 /* LaunchScreen.storyboard in Resources */ = {isa = PBXBuildFile; fileRef = F80F89172747F791009520F3 /* LaunchScreen.storyboard */; };
		F80F89242747F791009520F3 /* ProofOfConceptTests.swift in Sources */ = {isa = PBXBuildFile; fileRef = F80F89232747F791009520F3 /* ProofOfConceptTests.swift */; };
		F80F892F2747F791009520F3 /* ProofOfConceptUITests.swift in Sources */ = {isa = PBXBuildFile; fileRef = F80F892E2747F791009520F3 /* ProofOfConceptUITests.swift */; };
		F80F894E2748096A009520F3 /* BaseViewController.swift in Sources */ = {isa = PBXBuildFile; fileRef = F80F894C2748096A009520F3 /* BaseViewController.swift */; };
		F80F894F2748096A009520F3 /* FactViewController.swift in Sources */ = {isa = PBXBuildFile; fileRef = F80F894D2748096A009520F3 /* FactViewController.swift */; };
		F80F895427480A61009520F3 /* FactTableViewCellProtocol.swift in Sources */ = {isa = PBXBuildFile; fileRef = F80F895027480A61009520F3 /* FactTableViewCellProtocol.swift */; };
		F80F895527480A61009520F3 /* FactViewControllerProtocol.swift in Sources */ = {isa = PBXBuildFile; fileRef = F80F895127480A61009520F3 /* FactViewControllerProtocol.swift */; };
		F80F895627480A61009520F3 /* NavigationBarApperanceProtocol.swift in Sources */ = {isa = PBXBuildFile; fileRef = F80F895227480A61009520F3 /* NavigationBarApperanceProtocol.swift */; };
		F80F895727480A61009520F3 /* ScreenProtocol.swift in Sources */ = {isa = PBXBuildFile; fileRef = F80F895327480A61009520F3 /* ScreenProtocol.swift */; };
		F80F895927480B92009520F3 /* FactsViewModel.swift in Sources */ = {isa = PBXBuildFile; fileRef = F80F895827480B92009520F3 /* FactsViewModel.swift */; };
		F80F895B27480BBA009520F3 /* BaseViewModel.swift in Sources */ = {isa = PBXBuildFile; fileRef = F80F895A27480BBA009520F3 /* BaseViewModel.swift */; };
		F80F895E27480C34009520F3 /* BaseViewModelProtocol.swift in Sources */ = {isa = PBXBuildFile; fileRef = F80F895C27480C34009520F3 /* BaseViewModelProtocol.swift */; };
		F80F895F27480C34009520F3 /* FactsViewModelProtocol.swift in Sources */ = {isa = PBXBuildFile; fileRef = F80F895D27480C34009520F3 /* FactsViewModelProtocol.swift */; };
		F80F896127480D63009520F3 /* BookTableViewCell.swift in Sources */ = {isa = PBXBuildFile; fileRef = F80F896027480D63009520F3 /* BookTableViewCell.swift */; };
		F80F89662748110B009520F3 /* ApiError.swift in Sources */ = {isa = PBXBuildFile; fileRef = F80F89622748110B009520F3 /* ApiError.swift */; };
		F80F89672748110B009520F3 /* ApiClient.swift in Sources */ = {isa = PBXBuildFile; fileRef = F80F89632748110B009520F3 /* ApiClient.swift */; };
		F80F89682748110B009520F3 /* ApiEndPoint.swift in Sources */ = {isa = PBXBuildFile; fileRef = F80F89642748110B009520F3 /* ApiEndPoint.swift */; };
		F80F89692748110B009520F3 /* ApiClientProtocol.swift in Sources */ = {isa = PBXBuildFile; fileRef = F80F89652748110B009520F3 /* ApiClientProtocol.swift */; };
		F80F896B2748169F009520F3 /* FactsApiServices.swift in Sources */ = {isa = PBXBuildFile; fileRef = F80F896A2748169F009520F3 /* FactsApiServices.swift */; };
		F80F896D2748174B009520F3 /* FactsModel.swift in Sources */ = {isa = PBXBuildFile; fileRef = F80F896C2748174B009520F3 /* FactsModel.swift */; };
		F80F896F274824E4009520F3 /* DownloadManagerImage.swift in Sources */ = {isa = PBXBuildFile; fileRef = F80F896E274824E4009520F3 /* DownloadManagerImage.swift */; };
		F80F89712748251B009520F3 /* POCOperation.swift in Sources */ = {isa = PBXBuildFile; fileRef = F80F89702748251B009520F3 /* POCOperation.swift */; };
		F80F89742748345C009520F3 /* ApiClientTestCases.swift in Sources */ = {isa = PBXBuildFile; fileRef = F80F89722748345C009520F3 /* ApiClientTestCases.swift */; };
		F80F89752748345C009520F3 /* TestFactsViewModel.swift in Sources */ = {isa = PBXBuildFile; fileRef = F80F89732748345C009520F3 /* TestFactsViewModel.swift */; };
		F828DD08274CF1E200DCC406 /* HTTPStatus.swift in Sources */ = {isa = PBXBuildFile; fileRef = F828DD07274CF1E200DCC406 /* HTTPStatus.swift */; };
/* End PBXBuildFile section */

/* Begin PBXContainerItemProxy section */
		F80F89202747F791009520F3 /* PBXContainerItemProxy */ = {
			isa = PBXContainerItemProxy;
			containerPortal = F80F89012747F78F009520F3 /* Project object */;
			proxyType = 1;
			remoteGlobalIDString = F80F89082747F78F009520F3;
			remoteInfo = ProofOfConcept;
		};
		F80F892B2747F791009520F3 /* PBXContainerItemProxy */ = {
			isa = PBXContainerItemProxy;
			containerPortal = F80F89012747F78F009520F3 /* Project object */;
			proxyType = 1;
			remoteGlobalIDString = F80F89082747F78F009520F3;
			remoteInfo = ProofOfConcept;
		};
/* End PBXContainerItemProxy section */

/* Begin PBXFileReference section */
		F80F89092747F78F009520F3 /* ProofOfConcept.app */ = {isa = PBXFileReference; explicitFileType = wrapper.application; includeInIndex = 0; path = ProofOfConcept.app; sourceTree = BUILT_PRODUCTS_DIR; };
		F80F890C2747F78F009520F3 /* AppDelegate.swift */ = {isa = PBXFileReference; lastKnownFileType = sourcecode.swift; path = AppDelegate.swift; sourceTree = "<group>"; };
		F80F89152747F791009520F3 /* Assets.xcassets */ = {isa = PBXFileReference; lastKnownFileType = folder.assetcatalog; path = Assets.xcassets; sourceTree = "<group>"; };
		F80F89182747F791009520F3 /* Base */ = {isa = PBXFileReference; lastKnownFileType = file.storyboard; name = Base; path = Base.lproj/LaunchScreen.storyboard; sourceTree = "<group>"; };
		F80F891A2747F791009520F3 /* Info.plist */ = {isa = PBXFileReference; lastKnownFileType = text.plist.xml; path = Info.plist; sourceTree = "<group>"; };
		F80F891F2747F791009520F3 /* ProofOfConceptTests.xctest */ = {isa = PBXFileReference; explicitFileType = wrapper.cfbundle; includeInIndex = 0; path = ProofOfConceptTests.xctest; sourceTree = BUILT_PRODUCTS_DIR; };
		F80F89232747F791009520F3 /* ProofOfConceptTests.swift */ = {isa = PBXFileReference; lastKnownFileType = sourcecode.swift; path = ProofOfConceptTests.swift; sourceTree = "<group>"; };
		F80F89252747F791009520F3 /* Info.plist */ = {isa = PBXFileReference; lastKnownFileType = text.plist.xml; path = Info.plist; sourceTree = "<group>"; };
		F80F892A2747F791009520F3 /* ProofOfConceptUITests.xctest */ = {isa = PBXFileReference; explicitFileType = wrapper.cfbundle; includeInIndex = 0; path = ProofOfConceptUITests.xctest; sourceTree = BUILT_PRODUCTS_DIR; };
		F80F892E2747F791009520F3 /* ProofOfConceptUITests.swift */ = {isa = PBXFileReference; lastKnownFileType = sourcecode.swift; path = ProofOfConceptUITests.swift; sourceTree = "<group>"; };
		F80F89302747F791009520F3 /* Info.plist */ = {isa = PBXFileReference; lastKnownFileType = text.plist.xml; path = Info.plist; sourceTree = "<group>"; };
		F80F894C2748096A009520F3 /* BaseViewController.swift */ = {isa = PBXFileReference; fileEncoding = 4; lastKnownFileType = sourcecode.swift; path = BaseViewController.swift; sourceTree = "<group>"; };
		F80F894D2748096A009520F3 /* FactViewController.swift */ = {isa = PBXFileReference; fileEncoding = 4; lastKnownFileType = sourcecode.swift; path = FactViewController.swift; sourceTree = "<group>"; };
		F80F895027480A61009520F3 /* FactTableViewCellProtocol.swift */ = {isa = PBXFileReference; fileEncoding = 4; lastKnownFileType = sourcecode.swift; path = FactTableViewCellProtocol.swift; sourceTree = "<group>"; };
		F80F895127480A61009520F3 /* FactViewControllerProtocol.swift */ = {isa = PBXFileReference; fileEncoding = 4; lastKnownFileType = sourcecode.swift; path = FactViewControllerProtocol.swift; sourceTree = "<group>"; };
		F80F895227480A61009520F3 /* NavigationBarApperanceProtocol.swift */ = {isa = PBXFileReference; fileEncoding = 4; lastKnownFileType = sourcecode.swift; path = NavigationBarApperanceProtocol.swift; sourceTree = "<group>"; };
		F80F895327480A61009520F3 /* ScreenProtocol.swift */ = {isa = PBXFileReference; fileEncoding = 4; lastKnownFileType = sourcecode.swift; path = ScreenProtocol.swift; sourceTree = "<group>"; };
		F80F895827480B92009520F3 /* FactsViewModel.swift */ = {isa = PBXFileReference; lastKnownFileType = sourcecode.swift; path = FactsViewModel.swift; sourceTree = "<group>"; };
		F80F895A27480BBA009520F3 /* BaseViewModel.swift */ = {isa = PBXFileReference; fileEncoding = 4; lastKnownFileType = sourcecode.swift; path = BaseViewModel.swift; sourceTree = "<group>"; };
		F80F895C27480C34009520F3 /* BaseViewModelProtocol.swift */ = {isa = PBXFileReference; fileEncoding = 4; lastKnownFileType = sourcecode.swift; path = BaseViewModelProtocol.swift; sourceTree = "<group>"; };
		F80F895D27480C34009520F3 /* FactsViewModelProtocol.swift */ = {isa = PBXFileReference; fileEncoding = 4; lastKnownFileType = sourcecode.swift; path = FactsViewModelProtocol.swift; sourceTree = "<group>"; };
		F80F896027480D63009520F3 /* BookTableViewCell.swift */ = {isa = PBXFileReference; fileEncoding = 4; lastKnownFileType = sourcecode.swift; path = BookTableViewCell.swift; sourceTree = "<group>"; };
		F80F89622748110B009520F3 /* ApiError.swift */ = {isa = PBXFileReference; fileEncoding = 4; lastKnownFileType = sourcecode.swift; path = ApiError.swift; sourceTree = "<group>"; };
		F80F89632748110B009520F3 /* ApiClient.swift */ = {isa = PBXFileReference; fileEncoding = 4; lastKnownFileType = sourcecode.swift; path = ApiClient.swift; sourceTree = "<group>"; };
		F80F89642748110B009520F3 /* ApiEndPoint.swift */ = {isa = PBXFileReference; fileEncoding = 4; lastKnownFileType = sourcecode.swift; path = ApiEndPoint.swift; sourceTree = "<group>"; };
		F80F89652748110B009520F3 /* ApiClientProtocol.swift */ = {isa = PBXFileReference; fileEncoding = 4; lastKnownFileType = sourcecode.swift; path = ApiClientProtocol.swift; sourceTree = "<group>"; };
		F80F896A2748169F009520F3 /* FactsApiServices.swift */ = {isa = PBXFileReference; lastKnownFileType = sourcecode.swift; path = FactsApiServices.swift; sourceTree = "<group>"; };
		F80F896C2748174B009520F3 /* FactsModel.swift */ = {isa = PBXFileReference; fileEncoding = 4; lastKnownFileType = sourcecode.swift; path = FactsModel.swift; sourceTree = "<group>"; };
		F80F896E274824E4009520F3 /* DownloadManagerImage.swift */ = {isa = PBXFileReference; fileEncoding = 4; lastKnownFileType = sourcecode.swift; path = DownloadManagerImage.swift; sourceTree = "<group>"; };
		F80F89702748251B009520F3 /* POCOperation.swift */ = {isa = PBXFileReference; fileEncoding = 4; lastKnownFileType = sourcecode.swift; path = POCOperation.swift; sourceTree = "<group>"; };
		F80F89722748345C009520F3 /* ApiClientTestCases.swift */ = {isa = PBXFileReference; fileEncoding = 4; lastKnownFileType = sourcecode.swift; path = ApiClientTestCases.swift; sourceTree = "<group>"; };
		F80F89732748345C009520F3 /* TestFactsViewModel.swift */ = {isa = PBXFileReference; fileEncoding = 4; lastKnownFileType = sourcecode.swift; path = TestFactsViewModel.swift; sourceTree = "<group>"; };
		F828DD07274CF1E200DCC406 /* HTTPStatus.swift */ = {isa = PBXFileReference; lastKnownFileType = sourcecode.swift; path = HTTPStatus.swift; sourceTree = "<group>"; };
/* End PBXFileReference section */

/* Begin PBXFrameworksBuildPhase section */
		F80F89062747F78F009520F3 /* Frameworks */ = {
			isa = PBXFrameworksBuildPhase;
			buildActionMask = 2147483647;
			files = (
			);
			runOnlyForDeploymentPostprocessing = 0;
		};
		F80F891C2747F791009520F3 /* Frameworks */ = {
			isa = PBXFrameworksBuildPhase;
			buildActionMask = 2147483647;
			files = (
			);
			runOnlyForDeploymentPostprocessing = 0;
		};
		F80F89272747F791009520F3 /* Frameworks */ = {
			isa = PBXFrameworksBuildPhase;
			buildActionMask = 2147483647;
			files = (
			);
			runOnlyForDeploymentPostprocessing = 0;
		};
/* End PBXFrameworksBuildPhase section */

/* Begin PBXGroup section */
		F80F89002747F78F009520F3 = {
			isa = PBXGroup;
			children = (
				F80F890B2747F78F009520F3 /* ProofOfConcept */,
				F80F89222747F791009520F3 /* ProofOfConceptTests */,
				F80F892D2747F791009520F3 /* ProofOfConceptUITests */,
				F80F890A2747F78F009520F3 /* Products */,
			);
			sourceTree = "<group>";
		};
		F80F890A2747F78F009520F3 /* Products */ = {
			isa = PBXGroup;
			children = (
				F80F89092747F78F009520F3 /* ProofOfConcept.app */,
				F80F891F2747F791009520F3 /* ProofOfConceptTests.xctest */,
				F80F892A2747F791009520F3 /* ProofOfConceptUITests.xctest */,
			);
			name = Products;
			sourceTree = "<group>";
		};
		F80F890B2747F78F009520F3 /* ProofOfConcept */ = {
			isa = PBXGroup;
			children = (
				F80F893C2747FCAF009520F3 /* AppDelegate */,
				F80F893D2747FCD7009520F3 /* InfraStructure */,
				F80F893E2747FCE8009520F3 /* Core */,
				F80F893F2747FCF2009520F3 /* ScreenControls */,
				F80F89402747FD0D009520F3 /* Resource */,
				F80F891A2747F791009520F3 /* Info.plist */,
				F80F89172747F791009520F3 /* LaunchScreen.storyboard */,
			);
			path = ProofOfConcept;
			sourceTree = "<group>";
		};
		F80F89222747F791009520F3 /* ProofOfConceptTests */ = {
			isa = PBXGroup;
			children = (
				F80F89722748345C009520F3 /* ApiClientTestCases.swift */,
				F80F89732748345C009520F3 /* TestFactsViewModel.swift */,
				F80F89232747F791009520F3 /* ProofOfConceptTests.swift */,
				F80F89252747F791009520F3 /* Info.plist */,
			);
			path = ProofOfConceptTests;
			sourceTree = "<group>";
		};
		F80F892D2747F791009520F3 /* ProofOfConceptUITests */ = {
			isa = PBXGroup;
			children = (
				F80F892E2747F791009520F3 /* ProofOfConceptUITests.swift */,
				F80F89302747F791009520F3 /* Info.plist */,
			);
			path = ProofOfConceptUITests;
			sourceTree = "<group>";
		};
		F80F893C2747FCAF009520F3 /* AppDelegate */ = {
			isa = PBXGroup;
			children = (
				F80F890C2747F78F009520F3 /* AppDelegate.swift */,
			);
			path = AppDelegate;
			sourceTree = "<group>";
		};
		F80F893D2747FCD7009520F3 /* InfraStructure */ = {
			isa = PBXGroup;
			children = (
				F80F894B2747FE23009520F3 /* ApiCore */,
				F80F894A2747FE1A009520F3 /* ApiServices */,
				F80F89492747FE10009520F3 /* DataManager */,
				F80F89482747FE04009520F3 /* Utility */,
			);
			path = InfraStructure;
			sourceTree = "<group>";
		};
		F80F893E2747FCE8009520F3 /* Core */ = {
			isa = PBXGroup;
			children = (
				F80F89472747FDE5009520F3 /* ViewModelProtocol */,
				F80F89452747FDC6009520F3 /* Models */,
				F80F89462747FDD3009520F3 /* ViewModels */,
			);
			path = Core;
			sourceTree = "<group>";
		};
		F80F893F2747FCF2009520F3 /* ScreenControls */ = {
			isa = PBXGroup;
			children = (
				F80F89432747FD9F009520F3 /* ScreenProtocols */,
				F80F89422747FD98009520F3 /* Screens */,
			);
			path = ScreenControls;
			sourceTree = "<group>";
		};
		F80F89402747FD0D009520F3 /* Resource */ = {
			isa = PBXGroup;
			children = (
				F80F89152747F791009520F3 /* Assets.xcassets */,
			);
			path = Resource;
			sourceTree = "<group>";
		};
		F80F89422747FD98009520F3 /* Screens */ = {
			isa = PBXGroup;
			children = (
				F80F894C2748096A009520F3 /* BaseViewController.swift */,
				F80F894D2748096A009520F3 /* FactViewController.swift */,
				F80F89442747FDB4009520F3 /* Views */,
			);
			path = Screens;
			sourceTree = "<group>";
		};
		F80F89432747FD9F009520F3 /* ScreenProtocols */ = {
			isa = PBXGroup;
			children = (
				F80F895027480A61009520F3 /* FactTableViewCellProtocol.swift */,
				F80F895127480A61009520F3 /* FactViewControllerProtocol.swift */,
				F80F895227480A61009520F3 /* NavigationBarApperanceProtocol.swift */,
				F80F895327480A61009520F3 /* ScreenProtocol.swift */,
			);
			path = ScreenProtocols;
			sourceTree = "<group>";
		};
		F80F89442747FDB4009520F3 /* Views */ = {
			isa = PBXGroup;
			children = (
				F80F896027480D63009520F3 /* BookTableViewCell.swift */,
			);
			path = Views;
			sourceTree = "<group>";
		};
		F80F89452747FDC6009520F3 /* Models */ = {
			isa = PBXGroup;
			children = (
				F80F896C2748174B009520F3 /* FactsModel.swift */,
			);
			path = Models;
			sourceTree = "<group>";
		};
		F80F89462747FDD3009520F3 /* ViewModels */ = {
			isa = PBXGroup;
			children = (
				F80F895A27480BBA009520F3 /* BaseViewModel.swift */,
				F80F895827480B92009520F3 /* FactsViewModel.swift */,
			);
			path = ViewModels;
			sourceTree = "<group>";
		};
		F80F89472747FDE5009520F3 /* ViewModelProtocol */ = {
			isa = PBXGroup;
			children = (
				F80F895C27480C34009520F3 /* BaseViewModelProtocol.swift */,
				F80F895D27480C34009520F3 /* FactsViewModelProtocol.swift */,
			);
			path = ViewModelProtocol;
			sourceTree = "<group>";
		};
		F80F89482747FE04009520F3 /* Utility */ = {
			isa = PBXGroup;
			children = (
				F80F89702748251B009520F3 /* POCOperation.swift */,
			);
			path = Utility;
			sourceTree = "<group>";
		};
		F80F89492747FE10009520F3 /* DataManager */ = {
			isa = PBXGroup;
			children = (
				F80F896E274824E4009520F3 /* DownloadManagerImage.swift */,
			);
			path = DataManager;
			sourceTree = "<group>";
		};
		F80F894A2747FE1A009520F3 /* ApiServices */ = {
			isa = PBXGroup;
			children = (
				F80F896A2748169F009520F3 /* FactsApiServices.swift */,
			);
			path = ApiServices;
			sourceTree = "<group>";
		};
		F80F894B2747FE23009520F3 /* ApiCore */ = {
			isa = PBXGroup;
			children = (
				F80F89632748110B009520F3 /* ApiClient.swift */,
				F80F89652748110B009520F3 /* ApiClientProtocol.swift */,
				F80F89642748110B009520F3 /* ApiEndPoint.swift */,
				F80F89622748110B009520F3 /* ApiError.swift */,
				F828DD07274CF1E200DCC406 /* HTTPStatus.swift */,
			);
			path = ApiCore;
			sourceTree = "<group>";
		};
/* End PBXGroup section */

/* Begin PBXNativeTarget section */
		F80F89082747F78F009520F3 /* ProofOfConcept */ = {
			isa = PBXNativeTarget;
			buildConfigurationList = F80F89332747F791009520F3 /* Build configuration list for PBXNativeTarget "ProofOfConcept" */;
			buildPhases = (
				F80F89052747F78F009520F3 /* Sources */,
				F80F89062747F78F009520F3 /* Frameworks */,
				F80F89072747F78F009520F3 /* Resources */,
			);
			buildRules = (
			);
			dependencies = (
			);
			name = ProofOfConcept;
			productName = ProofOfConcept;
			productReference = F80F89092747F78F009520F3 /* ProofOfConcept.app */;
			productType = "com.apple.product-type.application";
		};
		F80F891E2747F791009520F3 /* ProofOfConceptTests */ = {
			isa = PBXNativeTarget;
			buildConfigurationList = F80F89362747F791009520F3 /* Build configuration list for PBXNativeTarget "ProofOfConceptTests" */;
			buildPhases = (
				F80F891B2747F791009520F3 /* Sources */,
				F80F891C2747F791009520F3 /* Frameworks */,
				F80F891D2747F791009520F3 /* Resources */,
			);
			buildRules = (
			);
			dependencies = (
				F80F89212747F791009520F3 /* PBXTargetDependency */,
			);
			name = ProofOfConceptTests;
			productName = ProofOfConceptTests;
			productReference = F80F891F2747F791009520F3 /* ProofOfConceptTests.xctest */;
			productType = "com.apple.product-type.bundle.unit-test";
		};
		F80F89292747F791009520F3 /* ProofOfConceptUITests */ = {
			isa = PBXNativeTarget;
			buildConfigurationList = F80F89392747F791009520F3 /* Build configuration list for PBXNativeTarget "ProofOfConceptUITests" */;
			buildPhases = (
				F80F89262747F791009520F3 /* Sources */,
				F80F89272747F791009520F3 /* Frameworks */,
				F80F89282747F791009520F3 /* Resources */,
			);
			buildRules = (
			);
			dependencies = (
				F80F892C2747F791009520F3 /* PBXTargetDependency */,
			);
			name = ProofOfConceptUITests;
			productName = ProofOfConceptUITests;
			productReference = F80F892A2747F791009520F3 /* ProofOfConceptUITests.xctest */;
			productType = "com.apple.product-type.bundle.ui-testing";
		};
/* End PBXNativeTarget section */

/* Begin PBXProject section */
		F80F89012747F78F009520F3 /* Project object */ = {
			isa = PBXProject;
			attributes = {
				LastSwiftUpdateCheck = 1250;
				LastUpgradeCheck = 1250;
				TargetAttributes = {
					F80F89082747F78F009520F3 = {
						CreatedOnToolsVersion = 12.5;
					};
					F80F891E2747F791009520F3 = {
						CreatedOnToolsVersion = 12.5;
						TestTargetID = F80F89082747F78F009520F3;
					};
					F80F89292747F791009520F3 = {
						CreatedOnToolsVersion = 12.5;
						TestTargetID = F80F89082747F78F009520F3;
					};
				};
			};
			buildConfigurationList = F80F89042747F78F009520F3 /* Build configuration list for PBXProject "ProofOfConcept" */;
			compatibilityVersion = "Xcode 9.3";
			developmentRegion = en;
			hasScannedForEncodings = 0;
			knownRegions = (
				en,
				Base,
			);
			mainGroup = F80F89002747F78F009520F3;
			productRefGroup = F80F890A2747F78F009520F3 /* Products */;
			projectDirPath = "";
			projectRoot = "";
			targets = (
				F80F89082747F78F009520F3 /* ProofOfConcept */,
				F80F891E2747F791009520F3 /* ProofOfConceptTests */,
				F80F89292747F791009520F3 /* ProofOfConceptUITests */,
			);
		};
/* End PBXProject section */

/* Begin PBXResourcesBuildPhase section */
		F80F89072747F78F009520F3 /* Resources */ = {
			isa = PBXResourcesBuildPhase;
			buildActionMask = 2147483647;
			files = (
				F80F89192747F791009520F3 /* LaunchScreen.storyboard in Resources */,
				F80F89162747F791009520F3 /* Assets.xcassets in Resources */,
			);
			runOnlyForDeploymentPostprocessing = 0;
		};
		F80F891D2747F791009520F3 /* Resources */ = {
			isa = PBXResourcesBuildPhase;
			buildActionMask = 2147483647;
			files = (
			);
			runOnlyForDeploymentPostprocessing = 0;
		};
		F80F89282747F791009520F3 /* Resources */ = {
			isa = PBXResourcesBuildPhase;
			buildActionMask = 2147483647;
			files = (
			);
			runOnlyForDeploymentPostprocessing = 0;
		};
/* End PBXResourcesBuildPhase section */

/* Begin PBXSourcesBuildPhase section */
		F80F89052747F78F009520F3 /* Sources */ = {
			isa = PBXSourcesBuildPhase;
			buildActionMask = 2147483647;
			files = (
				F80F89712748251B009520F3 /* POCOperation.swift in Sources */,
				F80F896F274824E4009520F3 /* DownloadManagerImage.swift in Sources */,
				F80F894F2748096A009520F3 /* FactViewController.swift in Sources */,
				F80F895427480A61009520F3 /* FactTableViewCellProtocol.swift in Sources */,
				F80F895727480A61009520F3 /* ScreenProtocol.swift in Sources */,
				F80F895527480A61009520F3 /* FactViewControllerProtocol.swift in Sources */,
				F80F896127480D63009520F3 /* BookTableViewCell.swift in Sources */,
				F80F89682748110B009520F3 /* ApiEndPoint.swift in Sources */,
				F80F895927480B92009520F3 /* FactsViewModel.swift in Sources */,
				F80F895E27480C34009520F3 /* BaseViewModelProtocol.swift in Sources */,
				F80F89672748110B009520F3 /* ApiClient.swift in Sources */,
				F80F895F27480C34009520F3 /* FactsViewModelProtocol.swift in Sources */,
				F80F895B27480BBA009520F3 /* BaseViewModel.swift in Sources */,
				F80F896D2748174B009520F3 /* FactsModel.swift in Sources */,
				F80F895627480A61009520F3 /* NavigationBarApperanceProtocol.swift in Sources */,
				F80F890D2747F78F009520F3 /* AppDelegate.swift in Sources */,
				F80F89692748110B009520F3 /* ApiClientProtocol.swift in Sources */,
				F80F89662748110B009520F3 /* ApiError.swift in Sources */,
				F80F896B2748169F009520F3 /* FactsApiServices.swift in Sources */,
				F80F894E2748096A009520F3 /* BaseViewController.swift in Sources */,
				F828DD08274CF1E200DCC406 /* HTTPStatus.swift in Sources */,
			);
			runOnlyForDeploymentPostprocessing = 0;
		};
		F80F891B2747F791009520F3 /* Sources */ = {
			isa = PBXSourcesBuildPhase;
			buildActionMask = 2147483647;
			files = (
				F80F89752748345C009520F3 /* TestFactsViewModel.swift in Sources */,
				F80F89242747F791009520F3 /* ProofOfConceptTests.swift in Sources */,
				F80F89742748345C009520F3 /* ApiClientTestCases.swift in Sources */,
			);
			runOnlyForDeploymentPostprocessing = 0;
		};
		F80F89262747F791009520F3 /* Sources */ = {
			isa = PBXSourcesBuildPhase;
			buildActionMask = 2147483647;
			files = (
				F80F892F2747F791009520F3 /* ProofOfConceptUITests.swift in Sources */,
			);
			runOnlyForDeploymentPostprocessing = 0;
		};
/* End PBXSourcesBuildPhase section */

/* Begin PBXTargetDependency section */
		F80F89212747F791009520F3 /* PBXTargetDependency */ = {
			isa = PBXTargetDependency;
			target = F80F89082747F78F009520F3 /* ProofOfConcept */;
			targetProxy = F80F89202747F791009520F3 /* PBXContainerItemProxy */;
		};
		F80F892C2747F791009520F3 /* PBXTargetDependency */ = {
			isa = PBXTargetDependency;
			target = F80F89082747F78F009520F3 /* ProofOfConcept */;
			targetProxy = F80F892B2747F791009520F3 /* PBXContainerItemProxy */;
		};
/* End PBXTargetDependency section */

/* Begin PBXVariantGroup section */
		F80F89172747F791009520F3 /* LaunchScreen.storyboard */ = {
			isa = PBXVariantGroup;
			children = (
				F80F89182747F791009520F3 /* Base */,
			);
			name = LaunchScreen.storyboard;
			sourceTree = "<group>";
		};
/* End PBXVariantGroup section */

/* Begin XCBuildConfiguration section */
		F80F89312747F791009520F3 /* Debug */ = {
			isa = XCBuildConfiguration;
			buildSettings = {
				ALWAYS_SEARCH_USER_PATHS = NO;
				CLANG_ANALYZER_NONNULL = YES;
				CLANG_ANALYZER_NUMBER_OBJECT_CONVERSION = YES_AGGRESSIVE;
				CLANG_CXX_LANGUAGE_STANDARD = "gnu++14";
				CLANG_CXX_LIBRARY = "libc++";
				CLANG_ENABLE_MODULES = YES;
				CLANG_ENABLE_OBJC_ARC = YES;
				CLANG_ENABLE_OBJC_WEAK = YES;
				CLANG_WARN_BLOCK_CAPTURE_AUTORELEASING = YES;
				CLANG_WARN_BOOL_CONVERSION = YES;
				CLANG_WARN_COMMA = YES;
				CLANG_WARN_CONSTANT_CONVERSION = YES;
				CLANG_WARN_DEPRECATED_OBJC_IMPLEMENTATIONS = YES;
				CLANG_WARN_DIRECT_OBJC_ISA_USAGE = YES_ERROR;
				CLANG_WARN_DOCUMENTATION_COMMENTS = YES;
				CLANG_WARN_EMPTY_BODY = YES;
				CLANG_WARN_ENUM_CONVERSION = YES;
				CLANG_WARN_INFINITE_RECURSION = YES;
				CLANG_WARN_INT_CONVERSION = YES;
				CLANG_WARN_NON_LITERAL_NULL_CONVERSION = YES;
				CLANG_WARN_OBJC_IMPLICIT_RETAIN_SELF = YES;
				CLANG_WARN_OBJC_LITERAL_CONVERSION = YES;
				CLANG_WARN_OBJC_ROOT_CLASS = YES_ERROR;
				CLANG_WARN_QUOTED_INCLUDE_IN_FRAMEWORK_HEADER = YES;
				CLANG_WARN_RANGE_LOOP_ANALYSIS = YES;
				CLANG_WARN_STRICT_PROTOTYPES = YES;
				CLANG_WARN_SUSPICIOUS_MOVE = YES;
				CLANG_WARN_UNGUARDED_AVAILABILITY = YES_AGGRESSIVE;
				CLANG_WARN_UNREACHABLE_CODE = YES;
				CLANG_WARN__DUPLICATE_METHOD_MATCH = YES;
				COPY_PHASE_STRIP = NO;
				DEBUG_INFORMATION_FORMAT = dwarf;
				ENABLE_STRICT_OBJC_MSGSEND = YES;
				ENABLE_TESTABILITY = YES;
				GCC_C_LANGUAGE_STANDARD = gnu11;
				GCC_DYNAMIC_NO_PIC = NO;
				GCC_NO_COMMON_BLOCKS = YES;
				GCC_OPTIMIZATION_LEVEL = 0;
				GCC_PREPROCESSOR_DEFINITIONS = (
					"DEBUG=1",
					"$(inherited)",
				);
				GCC_WARN_64_TO_32_BIT_CONVERSION = YES;
				GCC_WARN_ABOUT_RETURN_TYPE = YES_ERROR;
				GCC_WARN_UNDECLARED_SELECTOR = YES;
				GCC_WARN_UNINITIALIZED_AUTOS = YES_AGGRESSIVE;
				GCC_WARN_UNUSED_FUNCTION = YES;
				GCC_WARN_UNUSED_VARIABLE = YES;
				IPHONEOS_DEPLOYMENT_TARGET = 14.5;
				MTL_ENABLE_DEBUG_INFO = INCLUDE_SOURCE;
				MTL_FAST_MATH = YES;
				ONLY_ACTIVE_ARCH = YES;
				SDKROOT = iphoneos;
				SWIFT_ACTIVE_COMPILATION_CONDITIONS = DEBUG;
				SWIFT_OPTIMIZATION_LEVEL = "-Onone";
			};
			name = Debug;
		};
		F80F89322747F791009520F3 /* Release */ = {
			isa = XCBuildConfiguration;
			buildSettings = {
				ALWAYS_SEARCH_USER_PATHS = NO;
				CLANG_ANALYZER_NONNULL = YES;
				CLANG_ANALYZER_NUMBER_OBJECT_CONVERSION = YES_AGGRESSIVE;
				CLANG_CXX_LANGUAGE_STANDARD = "gnu++14";
				CLANG_CXX_LIBRARY = "libc++";
				CLANG_ENABLE_MODULES = YES;
				CLANG_ENABLE_OBJC_ARC = YES;
				CLANG_ENABLE_OBJC_WEAK = YES;
				CLANG_WARN_BLOCK_CAPTURE_AUTORELEASING = YES;
				CLANG_WARN_BOOL_CONVERSION = YES;
				CLANG_WARN_COMMA = YES;
				CLANG_WARN_CONSTANT_CONVERSION = YES;
				CLANG_WARN_DEPRECATED_OBJC_IMPLEMENTATIONS = YES;
				CLANG_WARN_DIRECT_OBJC_ISA_USAGE = YES_ERROR;
				CLANG_WARN_DOCUMENTATION_COMMENTS = YES;
				CLANG_WARN_EMPTY_BODY = YES;
				CLANG_WARN_ENUM_CONVERSION = YES;
				CLANG_WARN_INFINITE_RECURSION = YES;
				CLANG_WARN_INT_CONVERSION = YES;
				CLANG_WARN_NON_LITERAL_NULL_CONVERSION = YES;
				CLANG_WARN_OBJC_IMPLICIT_RETAIN_SELF = YES;
				CLANG_WARN_OBJC_LITERAL_CONVERSION = YES;
				CLANG_WARN_OBJC_ROOT_CLASS = YES_ERROR;
				CLANG_WARN_QUOTED_INCLUDE_IN_FRAMEWORK_HEADER = YES;
				CLANG_WARN_RANGE_LOOP_ANALYSIS = YES;
				CLANG_WARN_STRICT_PROTOTYPES = YES;
				CLANG_WARN_SUSPICIOUS_MOVE = YES;
				CLANG_WARN_UNGUARDED_AVAILABILITY = YES_AGGRESSIVE;
				CLANG_WARN_UNREACHABLE_CODE = YES;
				CLANG_WARN__DUPLICATE_METHOD_MATCH = YES;
				COPY_PHASE_STRIP = NO;
				DEBUG_INFORMATION_FORMAT = "dwarf-with-dsym";
				ENABLE_NS_ASSERTIONS = NO;
				ENABLE_STRICT_OBJC_MSGSEND = YES;
				GCC_C_LANGUAGE_STANDARD = gnu11;
				GCC_NO_COMMON_BLOCKS = YES;
				GCC_WARN_64_TO_32_BIT_CONVERSION = YES;
				GCC_WARN_ABOUT_RETURN_TYPE = YES_ERROR;
				GCC_WARN_UNDECLARED_SELECTOR = YES;
				GCC_WARN_UNINITIALIZED_AUTOS = YES_AGGRESSIVE;
				GCC_WARN_UNUSED_FUNCTION = YES;
				GCC_WARN_UNUSED_VARIABLE = YES;
				IPHONEOS_DEPLOYMENT_TARGET = 14.5;
				MTL_ENABLE_DEBUG_INFO = NO;
				MTL_FAST_MATH = YES;
				SDKROOT = iphoneos;
				SWIFT_COMPILATION_MODE = wholemodule;
				SWIFT_OPTIMIZATION_LEVEL = "-O";
				VALIDATE_PRODUCT = YES;
			};
			name = Release;
		};
		F80F89342747F791009520F3 /* Debug */ = {
			isa = XCBuildConfiguration;
			buildSettings = {
				ASSETCATALOG_COMPILER_APPICON_NAME = AppIcon;
				ASSETCATALOG_COMPILER_GLOBAL_ACCENT_COLOR_NAME = AccentColor;
				CODE_SIGN_STYLE = Automatic;
				DEVELOPMENT_TEAM = X3DGFZ3VA3;
				INFOPLIST_FILE = ProofOfConcept/Info.plist;
				IPHONEOS_DEPLOYMENT_TARGET = 11.0;
				LD_RUNPATH_SEARCH_PATHS = (
					"$(inherited)",
					"@executable_path/Frameworks",
				);
				PRODUCT_BUNDLE_IDENTIFIER = com.sourabh.ProofOfConcept;
				PRODUCT_NAME = "$(TARGET_NAME)";
				SWIFT_VERSION = 5.0;
				TARGETED_DEVICE_FAMILY = "1,2";
			};
			name = Debug;
		};
		F80F89352747F791009520F3 /* Release */ = {
			isa = XCBuildConfiguration;
			buildSettings = {
				ASSETCATALOG_COMPILER_APPICON_NAME = AppIcon;
				ASSETCATALOG_COMPILER_GLOBAL_ACCENT_COLOR_NAME = AccentColor;
				CODE_SIGN_STYLE = Automatic;
				DEVELOPMENT_TEAM = X3DGFZ3VA3;
				INFOPLIST_FILE = ProofOfConcept/Info.plist;
				IPHONEOS_DEPLOYMENT_TARGET = 11.0;
				LD_RUNPATH_SEARCH_PATHS = (
					"$(inherited)",
					"@executable_path/Frameworks",
				);
				PRODUCT_BUNDLE_IDENTIFIER = com.sourabh.ProofOfConcept;
				PRODUCT_NAME = "$(TARGET_NAME)";
				SWIFT_VERSION = 5.0;
				TARGETED_DEVICE_FAMILY = "1,2";
			};
			name = Release;
		};
		F80F89372747F791009520F3 /* Debug */ = {
			isa = XCBuildConfiguration;
			buildSettings = {
				ALWAYS_EMBED_SWIFT_STANDARD_LIBRARIES = YES;
				BUNDLE_LOADER = "$(TEST_HOST)";
				CODE_SIGN_STYLE = Automatic;
				DEVELOPMENT_TEAM = X3DGFZ3VA3;
				INFOPLIST_FILE = ProofOfConceptTests/Info.plist;
				IPHONEOS_DEPLOYMENT_TARGET = 14.5;
				LD_RUNPATH_SEARCH_PATHS = (
					"$(inherited)",
					"@executable_path/Frameworks",
					"@loader_path/Frameworks",
				);
				PRODUCT_BUNDLE_IDENTIFIER = Sourabh.ProofOfConceptTests;
				PRODUCT_NAME = "$(TARGET_NAME)";
				SWIFT_VERSION = 5.0;
				TARGETED_DEVICE_FAMILY = "1,2";
				TEST_HOST = "$(BUILT_PRODUCTS_DIR)/ProofOfConcept.app/ProofOfConcept";
			};
			name = Debug;
		};
		F80F89382747F791009520F3 /* Release */ = {
			isa = XCBuildConfiguration;
			buildSettings = {
				ALWAYS_EMBED_SWIFT_STANDARD_LIBRARIES = YES;
				BUNDLE_LOADER = "$(TEST_HOST)";
				CODE_SIGN_STYLE = Automatic;
				DEVELOPMENT_TEAM = X3DGFZ3VA3;
				INFOPLIST_FILE = ProofOfConceptTests/Info.plist;
				IPHONEOS_DEPLOYMENT_TARGET = 14.5;
				LD_RUNPATH_SEARCH_PATHS = (
					"$(inherited)",
					"@executable_path/Frameworks",
					"@loader_path/Frameworks",
				);
				PRODUCT_BUNDLE_IDENTIFIER = Sourabh.ProofOfConceptTests;
				PRODUCT_NAME = "$(TARGET_NAME)";
				SWIFT_VERSION = 5.0;
				TARGETED_DEVICE_FAMILY = "1,2";
				TEST_HOST = "$(BUILT_PRODUCTS_DIR)/ProofOfConcept.app/ProofOfConcept";
			};
			name = Release;
		};
		F80F893A2747F791009520F3 /* Debug */ = {
			isa = XCBuildConfiguration;
			buildSettings = {
				ALWAYS_EMBED_SWIFT_STANDARD_LIBRARIES = YES;
				CODE_SIGN_STYLE = Automatic;
				DEVELOPMENT_TEAM = X3DGFZ3VA3;
				INFOPLIST_FILE = ProofOfConceptUITests/Info.plist;
				LD_RUNPATH_SEARCH_PATHS = (
					"$(inherited)",
					"@executable_path/Frameworks",
					"@loader_path/Frameworks",
				);
				PRODUCT_BUNDLE_IDENTIFIER = Sourabh.ProofOfConceptUITests;
				PRODUCT_NAME = "$(TARGET_NAME)";
				SWIFT_VERSION = 5.0;
				TARGETED_DEVICE_FAMILY = "1,2";
				TEST_TARGET_NAME = ProofOfConcept;
			};
			name = Debug;
		};
		F80F893B2747F791009520F3 /* Release */ = {
			isa = XCBuildConfiguration;
			buildSettings = {
				ALWAYS_EMBED_SWIFT_STANDARD_LIBRARIES = YES;
				CODE_SIGN_STYLE = Automatic;
				DEVELOPMENT_TEAM = X3DGFZ3VA3;
				INFOPLIST_FILE = ProofOfConceptUITests/Info.plist;
				LD_RUNPATH_SEARCH_PATHS = (
					"$(inherited)",
					"@executable_path/Frameworks",
					"@loader_path/Frameworks",
				);
				PRODUCT_BUNDLE_IDENTIFIER = Sourabh.ProofOfConceptUITests;
				PRODUCT_NAME = "$(TARGET_NAME)";
				SWIFT_VERSION = 5.0;
				TARGETED_DEVICE_FAMILY = "1,2";
				TEST_TARGET_NAME = ProofOfConcept;
			};
			name = Release;
		};
/* End XCBuildConfiguration section */

/* Begin XCConfigurationList section */
		F80F89042747F78F009520F3 /* Build configuration list for PBXProject "ProofOfConcept" */ = {
			isa = XCConfigurationList;
			buildConfigurations = (
				F80F89312747F791009520F3 /* Debug */,
				F80F89322747F791009520F3 /* Release */,
			);
			defaultConfigurationIsVisible = 0;
			defaultConfigurationName = Release;
		};
		F80F89332747F791009520F3 /* Build configuration list for PBXNativeTarget "ProofOfConcept" */ = {
			isa = XCConfigurationList;
			buildConfigurations = (
				F80F89342747F791009520F3 /* Debug */,
				F80F89352747F791009520F3 /* Release */,
			);
			defaultConfigurationIsVisible = 0;
			defaultConfigurationName = Release;
		};
		F80F89362747F791009520F3 /* Build configuration list for PBXNativeTarget "ProofOfConceptTests" */ = {
			isa = XCConfigurationList;
			buildConfigurations = (
				F80F89372747F791009520F3 /* Debug */,
				F80F89382747F791009520F3 /* Release */,
			);
			defaultConfigurationIsVisible = 0;
			defaultConfigurationName = Release;
		};
		F80F89392747F791009520F3 /* Build configuration list for PBXNativeTarget "ProofOfConceptUITests" */ = {
			isa = XCConfigurationList;
			buildConfigurations = (
				F80F893A2747F791009520F3 /* Debug */,
				F80F893B2747F791009520F3 /* Release */,
			);
			defaultConfigurationIsVisible = 0;
			defaultConfigurationName = Release;
		};
/* End XCConfigurationList section */
	};
	rootObject = F80F89012747F78F009520F3 /* Project object */;
}
